
Microsoft Visual Studio Solution File, Format Version 12.00
# Visual Studio 14
VisualStudioVersion = 14.0.25420.1
MinimumVisualStudioVersion = 10.0.40219.1
Project("{FAE04EC0-301F-11D3-BF4B-00C04F79EFBC}") = "ThreeTier", "ThreeTier\ThreeTier.csproj", "{2A31DF7D-39A2-4033-981D-856932EA4038}"
EndProject
Project("{FAE04EC0-301F-11D3-BF4B-00C04F79EFBC}") = "BussinessLayer", "BussinessLayer\BussinessLayer.csproj", "{4F51BEC7-0E92-4AAF-99AE-6A3C34E6B845}"
EndProject
Project("{FAE04EC0-301F-11D3-BF4B-00C04F79EFBC}") = "DataAccessLayer", "DataAccessLayer\DataAccessLayer.csproj", "{89ED359A-B4B7-410B-861D-BBF0E08035B4}"
EndProject
Global
	GlobalSection(SolutionConfigurationPlatforms) = preSolution
		Debug|Any CPU = Debug|Any CPU
		Release|Any CPU = Release|Any CPU
	EndGlobalSection
	GlobalSection(ProjectConfigurationPlatforms) = postSolution
		{2A31DF7D-39A2-4033-981D-856932EA4038}.Debug|Any CPU.ActiveCfg = Debug|Any CPU
		{2A31DF7D-39A2-4033-981D-856932EA4038}.Debug|Any CPU.Build.0 = Debug|Any CPU
		{2A31DF7D-39A2-4033-981D-856932EA4038}.Release|Any CPU.ActiveCfg = Release|Any CPU
		{2A31DF7D-39A2-4033-981D-856932EA4038}.Release|Any CPU.Build.0 = Release|Any CPU
		{4F51BEC7-0E92-4AAF-99AE-6A3C34E6B845}.Debug|Any CPU.ActiveCfg = Debug|Any CPU
		{4F51BEC7-0E92-4AAF-99AE-6A3C34E6B845}.Debug|Any CPU.Build.0 = Debug|Any CPU
		{4F51BEC7-0E92-4AAF-99AE-6A3C34E6B845}.Release|Any CPU.ActiveCfg = Release|Any CPU
		{4F51BEC7-0E92-4AAF-99AE-6A3C34E6B845}.Release|Any CPU.Build.0 = Release|Any CPU
		{89ED359A-B4B7-410B-861D-BBF0E08035B4}.Debug|Any CPU.ActiveCfg = Debug|Any CPU
		{89ED359A-B4B7-410B-861D-BBF0E08035B4}.Debug|Any CPU.Build.0 = Debug|Any CPU
		{89ED359A-B4B7-410B-861D-BBF0E08035B4}.Release|Any CPU.ActiveCfg = Release|Any CPU
		{89ED359A-B4B7-410B-861D-BBF0E08035B4}.Release|Any CPU.Build.0 = Release|Any CPU
	EndGlobalSection
	GlobalSection(SolutionProperties) = preSolution
		HideSolutionNode = FALSE
	EndGlobalSection
EndGlobal
